
Microsoft Visual Studio Solution File, Format Version 12.00
# Visual Studio Version 17
VisualStudioVersion = 17.9.34728.123
MinimumVisualStudioVersion = 10.0.40219.1
Project("{FAE04EC0-301F-11D3-BF4B-00C04F79EFBC}") = "Pharmacy.APIs", "Pharmacy.APIs\Pharmacy.APIs.csproj", "{93823135-7636-4244-9E43-7ACA712511D4}"
EndProject
Project("{FAE04EC0-301F-11D3-BF4B-00C04F79EFBC}") = "Pharmacy.Domain", "Pharmacy.Domain\Pharmacy.Domain.csproj", "{F87386B5-5D3F-4B75-8953-A8520A48F70F}"
EndProject
Project("{FAE04EC0-301F-11D3-BF4B-00C04F79EFBC}") = "Pharmacy.Application", "Pharmacy.Application\Pharmacy.Application.csproj", "{5F75BDB3-97C1-4F6F-80CF-0A1DFBB40607}"
EndProject
Project("{FAE04EC0-301F-11D3-BF4B-00C04F79EFBC}") = "Pharmacy.Infrastructure", "Pharmacy.Infrastructure\Pharmacy.Infrastructure.csproj", "{C6565238-7B00-49A2-B248-617B8E1F9C4D}"
EndProject
Global
	GlobalSection(SolutionConfigurationPlatforms) = preSolution
		Debug|Any CPU = Debug|Any CPU
		Release|Any CPU = Release|Any CPU
	EndGlobalSection
	GlobalSection(ProjectConfigurationPlatforms) = postSolution
		{93823135-7636-4244-9E43-7ACA712511D4}.Debug|Any CPU.ActiveCfg = Debug|Any CPU
		{93823135-7636-4244-9E43-7ACA712511D4}.Debug|Any CPU.Build.0 = Debug|Any CPU
		{93823135-7636-4244-9E43-7ACA712511D4}.Release|Any CPU.ActiveCfg = Release|Any CPU
		{93823135-7636-4244-9E43-7ACA712511D4}.Release|Any CPU.Build.0 = Release|Any CPU
		{F87386B5-5D3F-4B75-8953-A8520A48F70F}.Debug|Any CPU.ActiveCfg = Debug|Any CPU
		{F87386B5-5D3F-4B75-8953-A8520A48F70F}.Debug|Any CPU.Build.0 = Debug|Any CPU
		{F87386B5-5D3F-4B75-8953-A8520A48F70F}.Release|Any CPU.ActiveCfg = Release|Any CPU
		{F87386B5-5D3F-4B75-8953-A8520A48F70F}.Release|Any CPU.Build.0 = Release|Any CPU
		{5F75BDB3-97C1-4F6F-80CF-0A1DFBB40607}.Debug|Any CPU.ActiveCfg = Debug|Any CPU
		{5F75BDB3-97C1-4F6F-80CF-0A1DFBB40607}.Debug|Any CPU.Build.0 = Debug|Any CPU
		{5F75BDB3-97C1-4F6F-80CF-0A1DFBB40607}.Release|Any CPU.ActiveCfg = Release|Any CPU
		{5F75BDB3-97C1-4F6F-80CF-0A1DFBB40607}.Release|Any CPU.Build.0 = Release|Any CPU
		{C6565238-7B00-49A2-B248-617B8E1F9C4D}.Debug|Any CPU.ActiveCfg = Debug|Any CPU
		{C6565238-7B00-49A2-B248-617B8E1F9C4D}.Debug|Any CPU.Build.0 = Debug|Any CPU
		{C6565238-7B00-49A2-B248-617B8E1F9C4D}.Release|Any CPU.ActiveCfg = Release|Any CPU
		{C6565238-7B00-49A2-B248-617B8E1F9C4D}.Release|Any CPU.Build.0 = Release|Any CPU
	EndGlobalSection
	GlobalSection(SolutionProperties) = preSolution
		HideSolutionNode = FALSE
	EndGlobalSection
	GlobalSection(ExtensibilityGlobals) = postSolution
		SolutionGuid = {E2731F44-C581-464F-B3C6-F1D70B5BA376}
	EndGlobalSection
EndGlobal
